
Microsoft Visual Studio Solution File, Format Version 12.00
# Visual Studio Version 16
VisualStudioVersion = 16.0.29403.142
MinimumVisualStudioVersion = 10.0.40219.1
Project("{FAE04EC0-301F-11D3-BF4B-00C04F79EFBC}") = "CareBairPackage", "CareBairPackage.csproj", "{1F85BD46-4A11-42D4-86F0-149C85440F3D}"
EndProject
Global
	GlobalSection(SolutionConfigurationPlatforms) = preSolution
		Debug|Any CPU = Debug|Any CPU
		Release|Any CPU = Release|Any CPU
	EndGlobalSection
	GlobalSection(ProjectConfigurationPlatforms) = postSolution
		{1F85BD46-4A11-42D4-86F0-149C85440F3D}.Debug|Any CPU.ActiveCfg = Debug|Any CPU
		{1F85BD46-4A11-42D4-86F0-149C85440F3D}.Debug|Any CPU.Build.0 = Debug|Any CPU
		{1F85BD46-4A11-42D4-86F0-149C85440F3D}.Release|Any CPU.ActiveCfg = Release|Any CPU
		{1F85BD46-4A11-42D4-86F0-149C85440F3D}.Release|Any CPU.Build.0 = Release|Any CPU
	EndGlobalSection
	GlobalSection(SolutionProperties) = preSolution
		HideSolutionNode = FALSE
	EndGlobalSection
	GlobalSection(ExtensibilityGlobals) = postSolution
		SolutionGuid = {631299B0-0F24-41E6-BF89-3B332537077D}
	EndGlobalSection
EndGlobal
